
Microsoft Visual Studio Solution File, Format Version 12.00
# Visual Studio 14
VisualStudioVersion = 14.0.23107.0
MinimumVisualStudioVersion = 10.0.40219.1
Project("{FAE04EC0-301F-11D3-BF4B-00C04F79EFBC}") = "PetLab.WPF", "PetLab.WPF\PetLab.WPF.csproj", "{261709D9-F665-40E8-9138-1902072CC6F5}"
EndProject
Project("{2150E333-8FDC-42A3-9474-1A3956D46DE8}") = "Data", "Data", "{CFD902D8-62DB-4C60-8E6A-BA6B82FB45CC}"
EndProject
Project("{2150E333-8FDC-42A3-9474-1A3956D46DE8}") = "Logic", "Logic", "{2FB7F35E-94E8-43F5-AE61-B40C0229ECC4}"
EndProject
Project("{2150E333-8FDC-42A3-9474-1A3956D46DE8}") = "View", "View", "{BEBA3BDA-8934-47AB-A233-B583D6559589}"
EndProject
Project("{FAE04EC0-301F-11D3-BF4B-00C04F79EFBC}") = "PetLab.DAL", "PetLab.DAL\PetLab.DAL.csproj", "{E4B1D1F0-EAE7-454E-998B-40298BBF66BE}"
EndProject
Project("{FAE04EC0-301F-11D3-BF4B-00C04F79EFBC}") = "PetLab.BLL", "PetLab.BLL\PetLab.BLL.csproj", "{3019BF11-9BBB-48B6-9BE0-E9D97936966C}"
EndProject
Project("{2150E333-8FDC-42A3-9474-1A3956D46DE8}") = "Test", "Test", "{8D5EB80A-B664-4873-85FF-7C9EABBAD645}"
EndProject
Project("{FAE04EC0-301F-11D3-BF4B-00C04F79EFBC}") = "PetLab.Test", "PetLab.Test\PetLab.Test.csproj", "{5EB3DB08-F53E-4A3B-9286-92C9B6B29A7A}"
EndProject
Project("{FAE04EC0-301F-11D3-BF4B-00C04F79EFBC}") = "PetLab.DAL.Contracts", "PetLab.DAL.Contracts\PetLab.DAL.Contracts.csproj", "{A3C38DE1-542B-4171-A99C-8DC5A34B04C2}"
EndProject
Project("{FAE04EC0-301F-11D3-BF4B-00C04F79EFBC}") = "PetLab.BLL.Contracts", "PetLab.BLL.Contracts\PetLab.BLL.Contracts.csproj", "{8C21C114-973D-4D65-9DD8-9566E38C14FC}"
EndProject
Project("{FAE04EC0-301F-11D3-BF4B-00C04F79EFBC}") = "PetLab.BLL.Common", "PetLab.BLL.Common\PetLab.BLL.Common.csproj", "{2EECA5F9-E09B-49A4-8BB5-451F7D917C19}"
EndProject
Project("{2150E333-8FDC-42A3-9474-1A3956D46DE8}") = "Common", "Common", "{6697F23D-A7B7-427E-B0A6-AF0E6CDB0D6E}"
EndProject
Project("{FAE04EC0-301F-11D3-BF4B-00C04F79EFBC}") = "PetLab.Common", "PetLab.Common\PetLab.Common.csproj", "{2B8C63AB-A96F-4F10-AB93-4DAB1B5B5C3C}"
EndProject
Global
	GlobalSection(SolutionConfigurationPlatforms) = preSolution
		Debug|Any CPU = Debug|Any CPU
		Release|Any CPU = Release|Any CPU
	EndGlobalSection
	GlobalSection(ProjectConfigurationPlatforms) = postSolution
		{261709D9-F665-40E8-9138-1902072CC6F5}.Debug|Any CPU.ActiveCfg = Debug|Any CPU
		{261709D9-F665-40E8-9138-1902072CC6F5}.Debug|Any CPU.Build.0 = Debug|Any CPU
		{261709D9-F665-40E8-9138-1902072CC6F5}.Release|Any CPU.ActiveCfg = Release|Any CPU
		{261709D9-F665-40E8-9138-1902072CC6F5}.Release|Any CPU.Build.0 = Release|Any CPU
		{E4B1D1F0-EAE7-454E-998B-40298BBF66BE}.Debug|Any CPU.ActiveCfg = Debug|Any CPU
		{E4B1D1F0-EAE7-454E-998B-40298BBF66BE}.Debug|Any CPU.Build.0 = Debug|Any CPU
		{E4B1D1F0-EAE7-454E-998B-40298BBF66BE}.Release|Any CPU.ActiveCfg = Release|Any CPU
		{E4B1D1F0-EAE7-454E-998B-40298BBF66BE}.Release|Any CPU.Build.0 = Release|Any CPU
		{3019BF11-9BBB-48B6-9BE0-E9D97936966C}.Debug|Any CPU.ActiveCfg = Debug|Any CPU
		{3019BF11-9BBB-48B6-9BE0-E9D97936966C}.Debug|Any CPU.Build.0 = Debug|Any CPU
		{3019BF11-9BBB-48B6-9BE0-E9D97936966C}.Release|Any CPU.ActiveCfg = Release|Any CPU
		{3019BF11-9BBB-48B6-9BE0-E9D97936966C}.Release|Any CPU.Build.0 = Release|Any CPU
		{5EB3DB08-F53E-4A3B-9286-92C9B6B29A7A}.Debug|Any CPU.ActiveCfg = Debug|Any CPU
		{5EB3DB08-F53E-4A3B-9286-92C9B6B29A7A}.Debug|Any CPU.Build.0 = Debug|Any CPU
		{5EB3DB08-F53E-4A3B-9286-92C9B6B29A7A}.Release|Any CPU.ActiveCfg = Release|Any CPU
		{5EB3DB08-F53E-4A3B-9286-92C9B6B29A7A}.Release|Any CPU.Build.0 = Release|Any CPU
		{A3C38DE1-542B-4171-A99C-8DC5A34B04C2}.Debug|Any CPU.ActiveCfg = Debug|Any CPU
		{A3C38DE1-542B-4171-A99C-8DC5A34B04C2}.Debug|Any CPU.Build.0 = Debug|Any CPU
		{A3C38DE1-542B-4171-A99C-8DC5A34B04C2}.Release|Any CPU.ActiveCfg = Release|Any CPU
		{A3C38DE1-542B-4171-A99C-8DC5A34B04C2}.Release|Any CPU.Build.0 = Release|Any CPU
		{8C21C114-973D-4D65-9DD8-9566E38C14FC}.Debug|Any CPU.ActiveCfg = Debug|Any CPU
		{8C21C114-973D-4D65-9DD8-9566E38C14FC}.Debug|Any CPU.Build.0 = Debug|Any CPU
		{8C21C114-973D-4D65-9DD8-9566E38C14FC}.Release|Any CPU.ActiveCfg = Release|Any CPU
		{8C21C114-973D-4D65-9DD8-9566E38C14FC}.Release|Any CPU.Build.0 = Release|Any CPU
		{2EECA5F9-E09B-49A4-8BB5-451F7D917C19}.Debug|Any CPU.ActiveCfg = Debug|Any CPU
		{2EECA5F9-E09B-49A4-8BB5-451F7D917C19}.Debug|Any CPU.Build.0 = Debug|Any CPU
		{2EECA5F9-E09B-49A4-8BB5-451F7D917C19}.Release|Any CPU.ActiveCfg = Release|Any CPU
		{2EECA5F9-E09B-49A4-8BB5-451F7D917C19}.Release|Any CPU.Build.0 = Release|Any CPU
		{2B8C63AB-A96F-4F10-AB93-4DAB1B5B5C3C}.Debug|Any CPU.ActiveCfg = Debug|Any CPU
		{2B8C63AB-A96F-4F10-AB93-4DAB1B5B5C3C}.Debug|Any CPU.Build.0 = Debug|Any CPU
		{2B8C63AB-A96F-4F10-AB93-4DAB1B5B5C3C}.Release|Any CPU.ActiveCfg = Release|Any CPU
		{2B8C63AB-A96F-4F10-AB93-4DAB1B5B5C3C}.Release|Any CPU.Build.0 = Release|Any CPU
	EndGlobalSection
	GlobalSection(SolutionProperties) = preSolution
		HideSolutionNode = FALSE
	EndGlobalSection
	GlobalSection(NestedProjects) = preSolution
		{261709D9-F665-40E8-9138-1902072CC6F5} = {BEBA3BDA-8934-47AB-A233-B583D6559589}
		{E4B1D1F0-EAE7-454E-998B-40298BBF66BE} = {CFD902D8-62DB-4C60-8E6A-BA6B82FB45CC}
		{3019BF11-9BBB-48B6-9BE0-E9D97936966C} = {2FB7F35E-94E8-43F5-AE61-B40C0229ECC4}
		{5EB3DB08-F53E-4A3B-9286-92C9B6B29A7A} = {8D5EB80A-B664-4873-85FF-7C9EABBAD645}
		{A3C38DE1-542B-4171-A99C-8DC5A34B04C2} = {CFD902D8-62DB-4C60-8E6A-BA6B82FB45CC}
		{8C21C114-973D-4D65-9DD8-9566E38C14FC} = {2FB7F35E-94E8-43F5-AE61-B40C0229ECC4}
		{2EECA5F9-E09B-49A4-8BB5-451F7D917C19} = {2FB7F35E-94E8-43F5-AE61-B40C0229ECC4}
		{2B8C63AB-A96F-4F10-AB93-4DAB1B5B5C3C} = {6697F23D-A7B7-427E-B0A6-AF0E6CDB0D6E}
	EndGlobalSection
EndGlobal
